
Microsoft Visual Studio Solution File, Format Version 12.00
# Visual Studio Version 17
VisualStudioVersion = 17.14.36908.2 d17.14
MinimumVisualStudioVersion = 10.0.40219.1
Project("{FAE04EC0-301F-11D3-BF4B-00C04F79EFBC}") = "StarfieldWeaponIconFileBuilder", "StarfieldWeaponIconFileBuilder\StarfieldWeaponIconFileBuilder.csproj", "{7A0EA841-C156-4B7E-B332-521036987B1C}"
EndProject
Global
	GlobalSection(SolutionConfigurationPlatforms) = preSolution
		Debug|Any CPU = Debug|Any CPU
		Release|Any CPU = Release|Any CPU
	EndGlobalSection
	GlobalSection(ProjectConfigurationPlatforms) = postSolution
		{7A0EA841-C156-4B7E-B332-521036987B1C}.Debug|Any CPU.ActiveCfg = Debug|Any CPU
		{7A0EA841-C156-4B7E-B332-521036987B1C}.Debug|Any CPU.Build.0 = Debug|Any CPU
		{7A0EA841-C156-4B7E-B332-521036987B1C}.Release|Any CPU.ActiveCfg = Release|Any CPU
		{7A0EA841-C156-4B7E-B332-521036987B1C}.Release|Any CPU.Build.0 = Release|Any CPU
	EndGlobalSection
	GlobalSection(SolutionProperties) = preSolution
		HideSolutionNode = FALSE
	EndGlobalSection
	GlobalSection(ExtensibilityGlobals) = postSolution
		SolutionGuid = {FB58413B-20B5-4028-9092-0A9710583A6A}
	EndGlobalSection
EndGlobal
